{
  "lockfileVersion": 1,
  "configVersion": 1,
  "workspaces": {
    "": {
      "name": "landing-page-in-django",
      "devDependencies": {
        "@types/bun": "latest",
        "opencode-ai": "^1.17.9",
        "prettier": "^3.8.4",
      },
      "peerDependencies": {
        "typescript": "^5",
      },
    },
  },
  "packages": {
    "@types/bun": ["@types/bun@1.3.14", "", { "dependencies": { "bun-types": "1.3.14" } }, "sha512-h1hFqFVcvAvD9j9K7ZW7vd82aSA+rTdznZa+5bwvCwqSB1jmmfLcbIWhOLx1/+boy/xmjgCs/OMUL8hRJSmnPw=="],

    "@types/node": ["@types/node@26.0.0", "", { "dependencies": { "undici-types": "~8.3.0" } }, "sha512-vf2YFi1iY9lHGwNJMs01biZFbKJkrZR1T6/MlzjhJLPdntOHLhTrDSnSVcdtvjihi4VQNlrFRIxLsDBlQpAipA=="],

    "bun-types": ["bun-types@1.3.14", "", { "dependencies": { "@types/node": "*" } }, "sha512-4N0ig0fEomHt5R0KCFWjovxow98rIoRwKolrYdCcknNwMekCXRnWEUvgu5soYV8QXtVsrUD8B95MBOZGPvr6KQ=="],

    "opencode-ai": ["opencode-ai@1.17.9", "", { "optionalDependencies": { "opencode-darwin-arm64": "1.17.9", "opencode-darwin-x64": "1.17.9", "opencode-darwin-x64-baseline": "1.17.9", "opencode-linux-arm64": "1.17.9", "opencode-linux-arm64-musl": "1.17.9", "opencode-linux-x64": "1.17.9", "opencode-linux-x64-baseline": "1.17.9", "opencode-linux-x64-baseline-musl": "1.17.9", "opencode-linux-x64-musl": "1.17.9", "opencode-windows-arm64": "1.17.9", "opencode-windows-x64": "1.17.9", "opencode-windows-x64-baseline": "1.17.9" }, "os": [ "linux", "win32", "darwin", ], "cpu": [ "x64", "arm64", ], "bin": { "opencode": "bin/opencode.exe" } }, "sha512-Q2J6iFI4+dg1fZrHpq6FkxbNtlUD2A/u2+Y+tOcG5ROCHc3B3vlZkS32glqmVdIL6dkCYARuEhs/yWZIiD+04w=="],

    "opencode-darwin-arm64": ["opencode-darwin-arm64@1.17.9", "", { "os": "darwin", "cpu": "arm64" }, "sha512-ICGSslfk6C4LQfaeAwpOsvZxHOqdiGXAXtC6XBimibVrs4P/ge8lO6Iwc+XmX28t4IFRPuVOLy42r+P5xCfVWA=="],

    "opencode-darwin-x64": ["opencode-darwin-x64@1.17.9", "", { "os": "darwin", "cpu": "x64" }, "sha512-15qUEEv9JICCKCU9egwX8j4DjspV26ksI9Okk5yLx9O9HA/qJFdWB/3hfxMaA57fhlxW3z7jxX/JnkMuXCzX4w=="],

    "opencode-darwin-x64-baseline": ["opencode-darwin-x64-baseline@1.17.9", "", { "os": "darwin", "cpu": "x64" }, "sha512-EhB5NUOoOvkNwSBzY2m+OImcUBHc84EIW4TCRokCVKPCG/KjT8RYov4vwuJ7uzrEELv6g108kRJEgEo8iAn+mQ=="],

    "opencode-linux-arm64": ["opencode-linux-arm64@1.17.9", "", { "os": "linux", "cpu": "arm64" }, "sha512-W0KpNuz7l2etV7LNXbl0H99yhe7RmG3uZ/nyL0xGcxiMPFHQJ5a2TNbFz0nRaeqiSfY7VY+hziOMGX3cL48XqA=="],

    "opencode-linux-arm64-musl": ["opencode-linux-arm64-musl@1.17.9", "", { "os": "linux", "cpu": "arm64" }, "sha512-2sP723jmLqMVrkVbRhRWy2KR0DA1cyJcVEP5UydLi9Cvs6YecfLgygi7niIMJ3y1ZVR0j5te2jazmtLutf70PA=="],

    "opencode-linux-x64": ["opencode-linux-x64@1.17.9", "", { "os": "linux", "cpu": "x64" }, "sha512-RQxL4Ed4XKbfaxO+pqCn3w2JTJwhq+gllYQ/lxmFqJmFHkg0GGINI3UzzPY5kKVLheD9Cu4yXcSgF/UBaxeUBg=="],

    "opencode-linux-x64-baseline": ["opencode-linux-x64-baseline@1.17.9", "", { "os": "linux", "cpu": "x64" }, "sha512-yke2Pi2FRsSRhCIMDEN+RmNICRgXiYBZNbI8hVJTQnETv9CPF6wwrqRALPoysflpo5d/xzURP4kqZvN7PvJdfA=="],

    "opencode-linux-x64-baseline-musl": ["opencode-linux-x64-baseline-musl@1.17.9", "", { "os": "linux", "cpu": "x64" }, "sha512-tuY7Zjue3KQMtITGsQzTvI4TMcPVDXiG2u+9ZiRgG5NgYLCTXacS/ri3M043cNAFY7bYA4lNThTySG+TYhJ1Ww=="],

    "opencode-linux-x64-musl": ["opencode-linux-x64-musl@1.17.9", "", { "os": "linux", "cpu": "x64" }, "sha512-CqhEDkVlv1yfHJzbYoelrn2SO3RSHfDAUIwaaxlcfoSGTs2dwIUR3wL2Giufyc++J4tS7/s+Bp4jWxVIFmIkUg=="],

    "opencode-windows-arm64": ["opencode-windows-arm64@1.17.9", "", { "os": "win32", "cpu": "arm64" }, "sha512-HlBeSsEyoUp87a9mWIh7du2OAgmtMv/JE+sncRLArTl8KF3Iq50+H6PGZOyBmHXMNsTpL7xunvPV9I5PHdQvRQ=="],

    "opencode-windows-x64": ["opencode-windows-x64@1.17.9", "", { "os": "win32", "cpu": "x64" }, "sha512-j+RDdFfiG0rstoJD0ZtaGOto+bJqFXns7IxSjls48RuiqvhacElaLHL2C+s2V8Ryy6HbA6HMSGqujbRsURsNEg=="],

    "opencode-windows-x64-baseline": ["opencode-windows-x64-baseline@1.17.9", "", { "os": "win32", "cpu": "x64" }, "sha512-H2vurVlEAl3+fbjBLwgQ9/MiaqatdANmrd+2WXcapBx5FGdbjrqywiMxZrLD0HElDKbGcqcC+D28SbemYNEn8g=="],

    "prettier": ["prettier@3.8.4", "", { "bin": { "prettier": "bin/prettier.cjs" } }, "sha512-N2MylSdi48+5N/6S5j+maeHbUSIzzZ5uOcX5Hm4QpV8Dkb1HFjfAKTKX6yNPJQD9AhcT3ifHNB66tWTTJDi11Q=="],

    "typescript": ["typescript@5.9.3", "", { "bin": { "tsc": "bin/tsc", "tsserver": "bin/tsserver" } }, "sha512-jl1vZzPDinLr9eUt3J/t7V6FgNEw9QjvBPdysz9KfQDD41fQrC2Y4vKQdiaUpFT4bXlb1RHhLpp8wtm6M5TgSw=="],

    "undici-types": ["undici-types@8.3.0", "", {}, "sha512-j375ScV60dom+YkPFIfTLcOiPxkN/buHz5GobjLhixFuANaNs3C9l4GmrWqejgXWJ7BbJcFYpTEUkS1Ge8bpZQ=="],
  }
}
